
Microsoft Visual Studio Solution File, Format Version 12.00
# Visual Studio Version 16
VisualStudioVersion = 16.0.29709.97
MinimumVisualStudioVersion = 10.0.40219.1
Project("{FAE04EC0-301F-11D3-BF4B-00C04F79EFBC}") = "WIL_Project", "WebApplication18\WIL_Project.csproj", "{A630B508-DA19-4047-8E0A-04D9E045313E}"
EndProject
Global
	GlobalSection(SolutionConfigurationPlatforms) = preSolution
		Debug|Any CPU = Debug|Any CPU
		Release|Any CPU = Release|Any CPU
	EndGlobalSection
	GlobalSection(ProjectConfigurationPlatforms) = postSolution
		{A630B508-DA19-4047-8E0A-04D9E045313E}.Debug|Any CPU.ActiveCfg = Debug|Any CPU
		{A630B508-DA19-4047-8E0A-04D9E045313E}.Debug|Any CPU.Build.0 = Debug|Any CPU
		{A630B508-DA19-4047-8E0A-04D9E045313E}.Release|Any CPU.ActiveCfg = Release|Any CPU
		{A630B508-DA19-4047-8E0A-04D9E045313E}.Release|Any CPU.Build.0 = Release|Any CPU
	EndGlobalSection
	GlobalSection(SolutionProperties) = preSolution
		HideSolutionNode = FALSE
	EndGlobalSection
	GlobalSection(ExtensibilityGlobals) = postSolution
		SolutionGuid = {F0F424C3-C035-4DD5-BA6A-955CABB43B1E}
	EndGlobalSection
EndGlobal
